
Microsoft Visual Studio Solution File, Format Version 12.00
# Visual Studio Version 16
VisualStudioVersion = 16.0.29728.190
MinimumVisualStudioVersion = 10.0.40219.1
Project("{FAE04EC0-301F-11D3-BF4B-00C04F79EFBC}") = "laba1", "laba1\laba1.csproj", "{0D24479A-B1B1-460E-AAED-B2895F7E928B}"
EndProject
Global
	GlobalSection(SolutionConfigurationPlatforms) = preSolution
		Debug|Any CPU = Debug|Any CPU
		Release|Any CPU = Release|Any CPU
	EndGlobalSection
	GlobalSection(ProjectConfigurationPlatforms) = postSolution
		{0D24479A-B1B1-460E-AAED-B2895F7E928B}.Debug|Any CPU.ActiveCfg = Debug|Any CPU
		{0D24479A-B1B1-460E-AAED-B2895F7E928B}.Debug|Any CPU.Build.0 = Debug|Any CPU
		{0D24479A-B1B1-460E-AAED-B2895F7E928B}.Release|Any CPU.ActiveCfg = Release|Any CPU
		{0D24479A-B1B1-460E-AAED-B2895F7E928B}.Release|Any CPU.Build.0 = Release|Any CPU
	EndGlobalSection
	GlobalSection(SolutionProperties) = preSolution
		HideSolutionNode = FALSE
	EndGlobalSection
	GlobalSection(ExtensibilityGlobals) = postSolution
		SolutionGuid = {B65C302B-05B0-4EF2-8C43-6AE6D3FCB29D}
	EndGlobalSection
EndGlobal
